// !$*UTF8*$!
{
	archiveVersion = 1;
	classes = {
	};
	objectVersion = 50;
	objects = {

/* Begin PBXBuildFile section */
		D629873220FF0B6A00F27CA4 /* AppDelegate.m in Sources */ = {isa = PBXBuildFile; fileRef = D629873120FF0B6A00F27CA4 /* AppDelegate.m */; };
		D629873820FF0B6A00F27CA4 /* Main.storyboard in Resources */ = {isa = PBXBuildFile; fileRef = D629873620FF0B6A00F27CA4 /* Main.storyboard */; };
		D629873A20FF0B6C00F27CA4 /* Assets.xcassets in Resources */ = {isa = PBXBuildFile; fileRef = D629873920FF0B6C00F27CA4 /* Assets.xcassets */; };
		D629873D20FF0B6C00F27CA4 /* LaunchScreen.storyboard in Resources */ = {isa = PBXBuildFile; fileRef = D629873B20FF0B6C00F27CA4 /* LaunchScreen.storyboard */; };
		D629874020FF0B6C00F27CA4 /* main.m in Sources */ = {isa = PBXBuildFile; fileRef = D629873F20FF0B6C00F27CA4 /* main.m */; };
		D629874A20FF0B6C00F27CA4 /* MMMWembTests.m in Sources */ = {isa = PBXBuildFile; fileRef = D629874920FF0B6C00F27CA4 /* MMMWembTests.m */; };
		D629875520FF0B6C00F27CA4 /* MMMWembUITests.m in Sources */ = {isa = PBXBuildFile; fileRef = D629875420FF0B6C00F27CA4 /* MMMWembUITests.m */; };
		D629882220FF184100F27CA4 /* CFNetwork.framework in Frameworks */ = {isa = PBXBuildFile; fileRef = D629882120FF184000F27CA4 /* CFNetwork.framework */; };
		D629882420FF184600F27CA4 /* CoreFoundation.framework in Frameworks */ = {isa = PBXBuildFile; fileRef = D629882320FF184600F27CA4 /* CoreFoundation.framework */; };
		D629882620FF184D00F27CA4 /* CoreTelephony.framework in Frameworks */ = {isa = PBXBuildFile; fileRef = D629882520FF184D00F27CA4 /* CoreTelephony.framework */; };
		D629882820FF185500F27CA4 /* SystemConfiguration.framework in Frameworks */ = {isa = PBXBuildFile; fileRef = D629882720FF185500F27CA4 /* SystemConfiguration.framework */; };
		D629882A20FF188B00F27CA4 /* CoreGraphics.framework in Frameworks */ = {isa = PBXBuildFile; fileRef = D629882920FF188B00F27CA4 /* CoreGraphics.framework */; };
		D629882C20FF189500F27CA4 /* Foundation.framework in Frameworks */ = {isa = PBXBuildFile; fileRef = D629882B20FF189400F27CA4 /* Foundation.framework */; };
		D629882E20FF189C00F27CA4 /* UIKit.framework in Frameworks */ = {isa = PBXBuildFile; fileRef = D629882D20FF189C00F27CA4 /* UIKit.framework */; };
		D629883020FF18A300F27CA4 /* Security.framework in Frameworks */ = {isa = PBXBuildFile; fileRef = D629882F20FF18A300F27CA4 /* Security.framework */; };
		D629883220FF18AB00F27CA4 /* libz.tbd in Frameworks */ = {isa = PBXBuildFile; fileRef = D629883120FF18AB00F27CA4 /* libz.tbd */; };
		D629883420FF18BF00F27CA4 /* UserNotifications.framework in Frameworks */ = {isa = PBXBuildFile; fileRef = D629883320FF18BF00F27CA4 /* UserNotifications.framework */; settings = {ATTRIBUTES = (Required, ); }; };
		D629883620FF18DC00F27CA4 /* libresolv.tbd in Frameworks */ = {isa = PBXBuildFile; fileRef = D629883520FF18DB00F27CA4 /* libresolv.tbd */; };
		D6EF840E20FF677A0064F081 /* libKKSDKs1.0.a in Frameworks */ = {isa = PBXBuildFile; fileRef = D6EF840D20FF677A0064F081 /* libKKSDKs1.0.a */; };
/* End PBXBuildFile section */

/* Begin PBXContainerItemProxy section */
		D629874620FF0B6C00F27CA4 /* PBXContainerItemProxy */ = {
			isa = PBXContainerItemProxy;
			containerPortal = D629872520FF0B6900F27CA4 /* Project object */;
			proxyType = 1;
			remoteGlobalIDString = D629872C20FF0B6A00F27CA4;
			remoteInfo = MMMWemb;
		};
		D629875120FF0B6C00F27CA4 /* PBXContainerItemProxy */ = {
			isa = PBXContainerItemProxy;
			containerPortal = D629872520FF0B6900F27CA4 /* Project object */;
			proxyType = 1;
			remoteGlobalIDString = D629872C20FF0B6A00F27CA4;
			remoteInfo = MMMWemb;
		};
/* End PBXContainerItemProxy section */

/* Begin PBXFileReference section */
		D629872D20FF0B6A00F27CA4 /* MMMWemb.app */ = {isa = PBXFileReference; explicitFileType = wrapper.application; includeInIndex = 0; path = MMMWemb.app; sourceTree = BUILT_PRODUCTS_DIR; };
		D629873020FF0B6A00F27CA4 /* AppDelegate.h */ = {isa = PBXFileReference; lastKnownFileType = sourcecode.c.h; path = AppDelegate.h; sourceTree = "<group>"; };
		D629873120FF0B6A00F27CA4 /* AppDelegate.m */ = {isa = PBXFileReference; lastKnownFileType = sourcecode.c.objc; path = AppDelegate.m; sourceTree = "<group>"; };
		D629873720FF0B6A00F27CA4 /* Base */ = {isa = PBXFileReference; lastKnownFileType = file.storyboard; name = Base; path = Base.lproj/Main.storyboard; sourceTree = "<group>"; };
		D629873920FF0B6C00F27CA4 /* Assets.xcassets */ = {isa = PBXFileReference; lastKnownFileType = folder.assetcatalog; path = Assets.xcassets; sourceTree = "<group>"; };
		D629873C20FF0B6C00F27CA4 /* Base */ = {isa = PBXFileReference; lastKnownFileType = file.storyboard; name = Base; path = Base.lproj/LaunchScreen.storyboard; sourceTree = "<group>"; };
		D629873E20FF0B6C00F27CA4 /* Info.plist */ = {isa = PBXFileReference; lastKnownFileType = text.plist.xml; path = Info.plist; sourceTree = "<group>"; };
		D629873F20FF0B6C00F27CA4 /* main.m */ = {isa = PBXFileReference; lastKnownFileType = sourcecode.c.objc; path = main.m; sourceTree = "<group>"; };
		D629874520FF0B6C00F27CA4 /* MMMWembTests.xctest */ = {isa = PBXFileReference; explicitFileType = wrapper.cfbundle; includeInIndex = 0; path = MMMWembTests.xctest; sourceTree = BUILT_PRODUCTS_DIR; };
		D629874920FF0B6C00F27CA4 /* MMMWembTests.m */ = {isa = PBXFileReference; lastKnownFileType = sourcecode.c.objc; path = MMMWembTests.m; sourceTree = "<group>"; };
		D629874B20FF0B6C00F27CA4 /* Info.plist */ = {isa = PBXFileReference; lastKnownFileType = text.plist.xml; path = Info.plist; sourceTree = "<group>"; };
		D629875020FF0B6C00F27CA4 /* MMMWembUITests.xctest */ = {isa = PBXFileReference; explicitFileType = wrapper.cfbundle; includeInIndex = 0; path = MMMWembUITests.xctest; sourceTree = BUILT_PRODUCTS_DIR; };
		D629875420FF0B6C00F27CA4 /* MMMWembUITests.m */ = {isa = PBXFileReference; lastKnownFileType = sourcecode.c.objc; path = MMMWembUITests.m; sourceTree = "<group>"; };
		D629875620FF0B6C00F27CA4 /* Info.plist */ = {isa = PBXFileReference; lastKnownFileType = text.plist.xml; path = Info.plist; sourceTree = "<group>"; };
		D629882120FF184000F27CA4 /* CFNetwork.framework */ = {isa = PBXFileReference; lastKnownFileType = wrapper.framework; name = CFNetwork.framework; path = System/Library/Frameworks/CFNetwork.framework; sourceTree = SDKROOT; };
		D629882320FF184600F27CA4 /* CoreFoundation.framework */ = {isa = PBXFileReference; lastKnownFileType = wrapper.framework; name = CoreFoundation.framework; path = System/Library/Frameworks/CoreFoundation.framework; sourceTree = SDKROOT; };
		D629882520FF184D00F27CA4 /* CoreTelephony.framework */ = {isa = PBXFileReference; lastKnownFileType = wrapper.framework; name = CoreTelephony.framework; path = System/Library/Frameworks/CoreTelephony.framework; sourceTree = SDKROOT; };
		D629882720FF185500F27CA4 /* SystemConfiguration.framework */ = {isa = PBXFileReference; lastKnownFileType = wrapper.framework; name = SystemConfiguration.framework; path = System/Library/Frameworks/SystemConfiguration.framework; sourceTree = SDKROOT; };
		D629882920FF188B00F27CA4 /* CoreGraphics.framework */ = {isa = PBXFileReference; lastKnownFileType = wrapper.framework; name = CoreGraphics.framework; path = System/Library/Frameworks/CoreGraphics.framework; sourceTree = SDKROOT; };
		D629882B20FF189400F27CA4 /* Foundation.framework */ = {isa = PBXFileReference; lastKnownFileType = wrapper.framework; name = Foundation.framework; path = System/Library/Frameworks/Foundation.framework; sourceTree = SDKROOT; };
		D629882D20FF189C00F27CA4 /* UIKit.framework */ = {isa = PBXFileReference; lastKnownFileType = wrapper.framework; name = UIKit.framework; path = System/Library/Frameworks/UIKit.framework; sourceTree = SDKROOT; };
		D629882F20FF18A300F27CA4 /* Security.framework */ = {isa = PBXFileReference; lastKnownFileType = wrapper.framework; name = Security.framework; path = System/Library/Frameworks/Security.framework; sourceTree = SDKROOT; };
		D629883120FF18AB00F27CA4 /* libz.tbd */ = {isa = PBXFileReference; lastKnownFileType = "sourcecode.text-based-dylib-definition"; name = libz.tbd; path = usr/lib/libz.tbd; sourceTree = SDKROOT; };
		D629883320FF18BF00F27CA4 /* UserNotifications.framework */ = {isa = PBXFileReference; lastKnownFileType = wrapper.framework; name = UserNotifications.framework; path = System/Library/Frameworks/UserNotifications.framework; sourceTree = SDKROOT; };
		D629883520FF18DB00F27CA4 /* libresolv.tbd */ = {isa = PBXFileReference; lastKnownFileType = "sourcecode.text-based-dylib-definition"; name = libresolv.tbd; path = usr/lib/libresolv.tbd; sourceTree = SDKROOT; };
		D629883720FF19B300F27CA4 /* MMMWemb.entitlements */ = {isa = PBXFileReference; lastKnownFileType = text.plist.entitlements; path = MMMWemb.entitlements; sourceTree = "<group>"; };
		D6EF840C20FF677A0064F081 /* AbcMMSDK.h */ = {isa = PBXFileReference; fileEncoding = 4; lastKnownFileType = sourcecode.c.h; path = AbcMMSDK.h; sourceTree = "<group>"; };
		D6EF840D20FF677A0064F081 /* libKKSDKs1.0.a */ = {isa = PBXFileReference; lastKnownFileType = archive.ar; path = libKKSDKs1.0.a; sourceTree = "<group>"; };
/* End PBXFileReference section */

/* Begin PBXFrameworksBuildPhase section */
		D629872A20FF0B6A00F27CA4 /* Frameworks */ = {
			isa = PBXFrameworksBuildPhase;
			buildActionMask = 2147483647;
			files = (
				D629883620FF18DC00F27CA4 /* libresolv.tbd in Frameworks */,
				D629883420FF18BF00F27CA4 /* UserNotifications.framework in Frameworks */,
				D6EF840E20FF677A0064F081 /* libKKSDKs1.0.a in Frameworks */,
				D629883220FF18AB00F27CA4 /* libz.tbd in Frameworks */,
				D629883020FF18A300F27CA4 /* Security.framework in Frameworks */,
				D629882E20FF189C00F27CA4 /* UIKit.framework in Frameworks */,
				D629882C20FF189500F27CA4 /* Foundation.framework in Frameworks */,
				D629882A20FF188B00F27CA4 /* CoreGraphics.framework in Frameworks */,
				D629882820FF185500F27CA4 /* SystemConfiguration.framework in Frameworks */,
				D629882620FF184D00F27CA4 /* CoreTelephony.framework in Frameworks */,
				D629882420FF184600F27CA4 /* CoreFoundation.framework in Frameworks */,
				D629882220FF184100F27CA4 /* CFNetwork.framework in Frameworks */,
			);
			runOnlyForDeploymentPostprocessing = 0;
		};
		D629874220FF0B6C00F27CA4 /* Frameworks */ = {
			isa = PBXFrameworksBuildPhase;
			buildActionMask = 2147483647;
			files = (
			);
			runOnlyForDeploymentPostprocessing = 0;
		};
		D629874D20FF0B6C00F27CA4 /* Frameworks */ = {
			isa = PBXFrameworksBuildPhase;
			buildActionMask = 2147483647;
			files = (
			);
			runOnlyForDeploymentPostprocessing = 0;
		};
/* End PBXFrameworksBuildPhase section */

/* Begin PBXGroup section */
		D629872420FF0B6900F27CA4 = {
			isa = PBXGroup;
			children = (
				D629872F20FF0B6A00F27CA4 /* MMMWemb */,
				D629874820FF0B6C00F27CA4 /* MMMWembTests */,
				D629875320FF0B6C00F27CA4 /* MMMWembUITests */,
				D629872E20FF0B6A00F27CA4 /* Products */,
				D629882020FF184000F27CA4 /* Frameworks */,
			);
			sourceTree = "<group>";
		};
		D629872E20FF0B6A00F27CA4 /* Products */ = {
			isa = PBXGroup;
			children = (
				D629872D20FF0B6A00F27CA4 /* MMMWemb.app */,
				D629874520FF0B6C00F27CA4 /* MMMWembTests.xctest */,
				D629875020FF0B6C00F27CA4 /* MMMWembUITests.xctest */,
			);
			name = Products;
			sourceTree = "<group>";
		};
		D629872F20FF0B6A00F27CA4 /* MMMWemb */ = {
			isa = PBXGroup;
			children = (
				D6EF840C20FF677A0064F081 /* AbcMMSDK.h */,
				D6EF840D20FF677A0064F081 /* libKKSDKs1.0.a */,
				D629883720FF19B300F27CA4 /* MMMWemb.entitlements */,
				D629873020FF0B6A00F27CA4 /* AppDelegate.h */,
				D629873120FF0B6A00F27CA4 /* AppDelegate.m */,
				D629873620FF0B6A00F27CA4 /* Main.storyboard */,
				D629873920FF0B6C00F27CA4 /* Assets.xcassets */,
				D629873B20FF0B6C00F27CA4 /* LaunchScreen.storyboard */,
				D629873E20FF0B6C00F27CA4 /* Info.plist */,
				D629873F20FF0B6C00F27CA4 /* main.m */,
			);
			path = MMMWemb;
			sourceTree = "<group>";
		};
		D629874820FF0B6C00F27CA4 /* MMMWembTests */ = {
			isa = PBXGroup;
			children = (
				D629874920FF0B6C00F27CA4 /* MMMWembTests.m */,
				D629874B20FF0B6C00F27CA4 /* Info.plist */,
			);
			path = MMMWembTests;
			sourceTree = "<group>";
		};
		D629875320FF0B6C00F27CA4 /* MMMWembUITests */ = {
			isa = PBXGroup;
			children = (
				D629875420FF0B6C00F27CA4 /* MMMWembUITests.m */,
				D629875620FF0B6C00F27CA4 /* Info.plist */,
			);
			path = MMMWembUITests;
			sourceTree = "<group>";
		};
		D629882020FF184000F27CA4 /* Frameworks */ = {
			isa = PBXGroup;
			children = (
				D629883520FF18DB00F27CA4 /* libresolv.tbd */,
				D629883320FF18BF00F27CA4 /* UserNotifications.framework */,
				D629883120FF18AB00F27CA4 /* libz.tbd */,
				D629882F20FF18A300F27CA4 /* Security.framework */,
				D629882D20FF189C00F27CA4 /* UIKit.framework */,
				D629882B20FF189400F27CA4 /* Foundation.framework */,
				D629882920FF188B00F27CA4 /* CoreGraphics.framework */,
				D629882720FF185500F27CA4 /* SystemConfiguration.framework */,
				D629882520FF184D00F27CA4 /* CoreTelephony.framework */,
				D629882320FF184600F27CA4 /* CoreFoundation.framework */,
				D629882120FF184000F27CA4 /* CFNetwork.framework */,
			);
			name = Frameworks;
			sourceTree = "<group>";
		};
/* End PBXGroup section */

/* Begin PBXNativeTarget section */
		D629872C20FF0B6A00F27CA4 /* MMMWemb */ = {
			isa = PBXNativeTarget;
			buildConfigurationList = D629875920FF0B6C00F27CA4 /* Build configuration list for PBXNativeTarget "MMMWemb" */;
			buildPhases = (
				D629872920FF0B6A00F27CA4 /* Sources */,
				D629872A20FF0B6A00F27CA4 /* Frameworks */,
				D629872B20FF0B6A00F27CA4 /* Resources */,
			);
			buildRules = (
			);
			dependencies = (
			);
			name = MMMWemb;
			productName = MMMWemb;
			productReference = D629872D20FF0B6A00F27CA4 /* MMMWemb.app */;
			productType = "com.apple.product-type.application";
		};
		D629874420FF0B6C00F27CA4 /* MMMWembTests */ = {
			isa = PBXNativeTarget;
			buildConfigurationList = D629875C20FF0B6C00F27CA4 /* Build configuration list for PBXNativeTarget "MMMWembTests" */;
			buildPhases = (
				D629874120FF0B6C00F27CA4 /* Sources */,
				D629874220FF0B6C00F27CA4 /* Frameworks */,
				D629874320FF0B6C00F27CA4 /* Resources */,
			);
			buildRules = (
			);
			dependencies = (
				D629874720FF0B6C00F27CA4 /* PBXTargetDependency */,
			);
			name = MMMWembTests;
			productName = MMMWembTests;
			productReference = D629874520FF0B6C00F27CA4 /* MMMWembTests.xctest */;
			productType = "com.apple.product-type.bundle.unit-test";
		};
		D629874F20FF0B6C00F27CA4 /* MMMWembUITests */ = {
			isa = PBXNativeTarget;
			buildConfigurationList = D629875F20FF0B6C00F27CA4 /* Build configuration list for PBXNativeTarget "MMMWembUITests" */;
			buildPhases = (
				D629874C20FF0B6C00F27CA4 /* Sources */,
				D629874D20FF0B6C00F27CA4 /* Frameworks */,
				D629874E20FF0B6C00F27CA4 /* Resources */,
			);
			buildRules = (
			);
			dependencies = (
				D629875220FF0B6C00F27CA4 /* PBXTargetDependency */,
			);
			name = MMMWembUITests;
			productName = MMMWembUITests;
			productReference = D629875020FF0B6C00F27CA4 /* MMMWembUITests.xctest */;
			productType = "com.apple.product-type.bundle.ui-testing";
		};
/* End PBXNativeTarget section */

/* Begin PBXProject section */
		D629872520FF0B6900F27CA4 /* Project object */ = {
			isa = PBXProject;
			attributes = {
				LastUpgradeCheck = 0940;
				ORGANIZATIONNAME = "mike zhang";
				TargetAttributes = {
					D629872C20FF0B6A00F27CA4 = {
						CreatedOnToolsVersion = 9.4.1;
						SystemCapabilities = {
							com.apple.Push = {
								enabled = 1;
							};
						};
					};
					D629874420FF0B6C00F27CA4 = {
						CreatedOnToolsVersion = 9.4.1;
						TestTargetID = D629872C20FF0B6A00F27CA4;
					};
					D629874F20FF0B6C00F27CA4 = {
						CreatedOnToolsVersion = 9.4.1;
						TestTargetID = D629872C20FF0B6A00F27CA4;
					};
				};
			};
			buildConfigurationList = D629872820FF0B6900F27CA4 /* Build configuration list for PBXProject "MMMWemb" */;
			compatibilityVersion = "Xcode 9.3";
			developmentRegion = en;
			hasScannedForEncodings = 0;
			knownRegions = (
				en,
				Base,
			);
			mainGroup = D629872420FF0B6900F27CA4;
			productRefGroup = D629872E20FF0B6A00F27CA4 /* Products */;
			projectDirPath = "";
			projectRoot = "";
			targets = (
				D629872C20FF0B6A00F27CA4 /* MMMWemb */,
				D629874420FF0B6C00F27CA4 /* MMMWembTests */,
				D629874F20FF0B6C00F27CA4 /* MMMWembUITests */,
			);
		};
/* End PBXProject section */

/* Begin PBXResourcesBuildPhase section */
		D629872B20FF0B6A00F27CA4 /* Resources */ = {
			isa = PBXResourcesBuildPhase;
			buildActionMask = 2147483647;
			files = (
				D629873D20FF0B6C00F27CA4 /* LaunchScreen.storyboard in Resources */,
				D629873A20FF0B6C00F27CA4 /* Assets.xcassets in Resources */,
				D629873820FF0B6A00F27CA4 /* Main.storyboard in Resources */,
			);
			runOnlyForDeploymentPostprocessing = 0;
		};
		D629874320FF0B6C00F27CA4 /* Resources */ = {
			isa = PBXResourcesBuildPhase;
			buildActionMask = 2147483647;
			files = (
			);
			runOnlyForDeploymentPostprocessing = 0;
		};
		D629874E20FF0B6C00F27CA4 /* Resources */ = {
			isa = PBXResourcesBuildPhase;
			buildActionMask = 2147483647;
			files = (
			);
			runOnlyForDeploymentPostprocessing = 0;
		};
/* End PBXResourcesBuildPhase section */

/* Begin PBXSourcesBuildPhase section */
		D629872920FF0B6A00F27CA4 /* Sources */ = {
			isa = PBXSourcesBuildPhase;
			buildActionMask = 2147483647;
			files = (
				D629874020FF0B6C00F27CA4 /* main.m in Sources */,
				D629873220FF0B6A00F27CA4 /* AppDelegate.m in Sources */,
			);
			runOnlyForDeploymentPostprocessing = 0;
		};
		D629874120FF0B6C00F27CA4 /* Sources */ = {
			isa = PBXSourcesBuildPhase;
			buildActionMask = 2147483647;
			files = (
				D629874A20FF0B6C00F27CA4 /* MMMWembTests.m in Sources */,
			);
			runOnlyForDeploymentPostprocessing = 0;
		};
		D629874C20FF0B6C00F27CA4 /* Sources */ = {
			isa = PBXSourcesBuildPhase;
			buildActionMask = 2147483647;
			files = (
				D629875520FF0B6C00F27CA4 /* MMMWembUITests.m in Sources */,
			);
			runOnlyForDeploymentPostprocessing = 0;
		};
/* End PBXSourcesBuildPhase section */

/* Begin PBXTargetDependency section */
		D629874720FF0B6C00F27CA4 /* PBXTargetDependency */ = {
			isa = PBXTargetDependency;
			target = D629872C20FF0B6A00F27CA4 /* MMMWemb */;
			targetProxy = D629874620FF0B6C00F27CA4 /* PBXContainerItemProxy */;
		};
		D629875220FF0B6C00F27CA4 /* PBXTargetDependency */ = {
			isa = PBXTargetDependency;
			target = D629872C20FF0B6A00F27CA4 /* MMMWemb */;
			targetProxy = D629875120FF0B6C00F27CA4 /* PBXContainerItemProxy */;
		};
/* End PBXTargetDependency section */

/* Begin PBXVariantGroup section */
		D629873620FF0B6A00F27CA4 /* Main.storyboard */ = {
			isa = PBXVariantGroup;
			children = (
				D629873720FF0B6A00F27CA4 /* Base */,
			);
			name = Main.storyboard;
			sourceTree = "<group>";
		};
		D629873B20FF0B6C00F27CA4 /* LaunchScreen.storyboard */ = {
			isa = PBXVariantGroup;
			children = (
				D629873C20FF0B6C00F27CA4 /* Base */,
			);
			name = LaunchScreen.storyboard;
			sourceTree = "<group>";
		};
/* End PBXVariantGroup section */

/* Begin XCBuildConfiguration section */
		D629875720FF0B6C00F27CA4 /* Debug */ = {
			isa = XCBuildConfiguration;
			buildSettings = {
				ALWAYS_SEARCH_USER_PATHS = NO;
				CLANG_ANALYZER_NONNULL = YES;
				CLANG_ANALYZER_NUMBER_OBJECT_CONVERSION = YES_AGGRESSIVE;
				CLANG_CXX_LANGUAGE_STANDARD = "gnu++14";
				CLANG_CXX_LIBRARY = "libc++";
				CLANG_ENABLE_MODULES = YES;
				CLANG_ENABLE_OBJC_ARC = YES;
				CLANG_ENABLE_OBJC_WEAK = YES;
				CLANG_WARN_BLOCK_CAPTURE_AUTORELEASING = YES;
				CLANG_WARN_BOOL_CONVERSION = YES;
				CLANG_WARN_COMMA = YES;
				CLANG_WARN_CONSTANT_CONVERSION = YES;
				CLANG_WARN_DEPRECATED_OBJC_IMPLEMENTATIONS = YES;
				CLANG_WARN_DIRECT_OBJC_ISA_USAGE = YES_ERROR;
				CLANG_WARN_DOCUMENTATION_COMMENTS = YES;
				CLANG_WARN_EMPTY_BODY = YES;
				CLANG_WARN_ENUM_CONVERSION = YES;
				CLANG_WARN_INFINITE_RECURSION = YES;
				CLANG_WARN_INT_CONVERSION = YES;
				CLANG_WARN_NON_LITERAL_NULL_CONVERSION = YES;
				CLANG_WARN_OBJC_IMPLICIT_RETAIN_SELF = YES;
				CLANG_WARN_OBJC_LITERAL_CONVERSION = YES;
				CLANG_WARN_OBJC_ROOT_CLASS = YES_ERROR;
				CLANG_WARN_RANGE_LOOP_ANALYSIS = YES;
				CLANG_WARN_STRICT_PROTOTYPES = YES;
				CLANG_WARN_SUSPICIOUS_MOVE = YES;
				CLANG_WARN_UNGUARDED_AVAILABILITY = YES_AGGRESSIVE;
				CLANG_WARN_UNREACHABLE_CODE = YES;
				CLANG_WARN__DUPLICATE_METHOD_MATCH = YES;
				CODE_SIGN_IDENTITY = "iPhone Developer";
				COPY_PHASE_STRIP = NO;
				DEBUG_INFORMATION_FORMAT = dwarf;
				ENABLE_STRICT_OBJC_MSGSEND = YES;
				ENABLE_TESTABILITY = YES;
				GCC_C_LANGUAGE_STANDARD = gnu11;
				GCC_DYNAMIC_NO_PIC = NO;
				GCC_NO_COMMON_BLOCKS = YES;
				GCC_OPTIMIZATION_LEVEL = 0;
				GCC_PREPROCESSOR_DEFINITIONS = (
					"DEBUG=1",
					"$(inherited)",
				);
				GCC_WARN_64_TO_32_BIT_CONVERSION = YES;
				GCC_WARN_ABOUT_RETURN_TYPE = YES_ERROR;
				GCC_WARN_UNDECLARED_SELECTOR = YES;
				GCC_WARN_UNINITIALIZED_AUTOS = YES_AGGRESSIVE;
				GCC_WARN_UNUSED_FUNCTION = YES;
				GCC_WARN_UNUSED_VARIABLE = YES;
				IPHONEOS_DEPLOYMENT_TARGET = 8.0;
				MTL_ENABLE_DEBUG_INFO = YES;
				ONLY_ACTIVE_ARCH = YES;
				SDKROOT = iphoneos;
			};
			name = Debug;
		};
		D629875820FF0B6C00F27CA4 /* Release */ = {
			isa = XCBuildConfiguration;
			buildSettings = {
				ALWAYS_SEARCH_USER_PATHS = NO;
				CLANG_ANALYZER_NONNULL = YES;
				CLANG_ANALYZER_NUMBER_OBJECT_CONVERSION = YES_AGGRESSIVE;
				CLANG_CXX_LANGUAGE_STANDARD = "gnu++14";
				CLANG_CXX_LIBRARY = "libc++";
				CLANG_ENABLE_MODULES = YES;
				CLANG_ENABLE_OBJC_ARC = YES;
				CLANG_ENABLE_OBJC_WEAK = YES;
				CLANG_WARN_BLOCK_CAPTURE_AUTORELEASING = YES;
				CLANG_WARN_BOOL_CONVERSION = YES;
				CLANG_WARN_COMMA = YES;
				CLANG_WARN_CONSTANT_CONVERSION = YES;
				CLANG_WARN_DEPRECATED_OBJC_IMPLEMENTATIONS = YES;
				CLANG_WARN_DIRECT_OBJC_ISA_USAGE = YES_ERROR;
				CLANG_WARN_DOCUMENTATION_COMMENTS = YES;
				CLANG_WARN_EMPTY_BODY = YES;
				CLANG_WARN_ENUM_CONVERSION = YES;
				CLANG_WARN_INFINITE_RECURSION = YES;
				CLANG_WARN_INT_CONVERSION = YES;
				CLANG_WARN_NON_LITERAL_NULL_CONVERSION = YES;
				CLANG_WARN_OBJC_IMPLICIT_RETAIN_SELF = YES;
				CLANG_WARN_OBJC_LITERAL_CONVERSION = YES;
				CLANG_WARN_OBJC_ROOT_CLASS = YES_ERROR;
				CLANG_WARN_RANGE_LOOP_ANALYSIS = YES;
				CLANG_WARN_STRICT_PROTOTYPES = YES;
				CLANG_WARN_SUSPICIOUS_MOVE = YES;
				CLANG_WARN_UNGUARDED_AVAILABILITY = YES_AGGRESSIVE;
				CLANG_WARN_UNREACHABLE_CODE = YES;
				CLANG_WARN__DUPLICATE_METHOD_MATCH = YES;
				CODE_SIGN_IDENTITY = "iPhone Developer";
				COPY_PHASE_STRIP = NO;
				DEBUG_INFORMATION_FORMAT = "dwarf-with-dsym";
				ENABLE_NS_ASSERTIONS = NO;
				ENABLE_STRICT_OBJC_MSGSEND = YES;
				GCC_C_LANGUAGE_STANDARD = gnu11;
				GCC_NO_COMMON_BLOCKS = YES;
				GCC_WARN_64_TO_32_BIT_CONVERSION = YES;
				GCC_WARN_ABOUT_RETURN_TYPE = YES_ERROR;
				GCC_WARN_UNDECLARED_SELECTOR = YES;
				GCC_WARN_UNINITIALIZED_AUTOS = YES_AGGRESSIVE;
				GCC_WARN_UNUSED_FUNCTION = YES;
				GCC_WARN_UNUSED_VARIABLE = YES;
				IPHONEOS_DEPLOYMENT_TARGET = 8.0;
				MTL_ENABLE_DEBUG_INFO = NO;
				SDKROOT = iphoneos;
				VALIDATE_PRODUCT = YES;
			};
			name = Release;
		};
		D629875A20FF0B6C00F27CA4 /* Debug */ = {
			isa = XCBuildConfiguration;
			buildSettings = {
				ASSETCATALOG_COMPILER_APPICON_NAME = AppIcon;
				CODE_SIGN_ENTITLEMENTS = MMMWemb/MMMWemb.entitlements;
				CODE_SIGN_STYLE = Automatic;
				DEVELOPMENT_TEAM = PLWJ7UPPSY;
				INFOPLIST_FILE = MMMWemb/Info.plist;
				IPHONEOS_DEPLOYMENT_TARGET = 8.0;
				LD_RUNPATH_SEARCH_PATHS = (
					"$(inherited)",
					"@executable_path/Frameworks",
				);
				LIBRARY_SEARCH_PATHS = (
					"$(inherited)",
					"$(PROJECT_DIR)/MMMWemb/Lib",
					"$(PROJECT_DIR)/MMMWemb/Classes/Lib",
					"$(PROJECT_DIR)/MMMWemb",
				);
				PRODUCT_BUNDLE_IDENTIFIER = com.enterprisemm.Test2;
				PRODUCT_NAME = "$(TARGET_NAME)";
				TARGETED_DEVICE_FAMILY = 1;
			};
			name = Debug;
		};
		D629875B20FF0B6C00F27CA4 /* Release */ = {
			isa = XCBuildConfiguration;
			buildSettings = {
				ASSETCATALOG_COMPILER_APPICON_NAME = AppIcon;
				CODE_SIGN_ENTITLEMENTS = MMMWemb/MMMWemb.entitlements;
				CODE_SIGN_STYLE = Automatic;
				DEVELOPMENT_TEAM = PLWJ7UPPSY;
				INFOPLIST_FILE = MMMWemb/Info.plist;
				IPHONEOS_DEPLOYMENT_TARGET = 8.0;
				LD_RUNPATH_SEARCH_PATHS = (
					"$(inherited)",
					"@executable_path/Frameworks",
				);
				LIBRARY_SEARCH_PATHS = (
					"$(inherited)",
					"$(PROJECT_DIR)/MMMWemb/Lib",
					"$(PROJECT_DIR)/MMMWemb/Classes/Lib",
					"$(PROJECT_DIR)/MMMWemb",
				);
				PRODUCT_BUNDLE_IDENTIFIER = com.enterprisemm.Test2;
				PRODUCT_NAME = "$(TARGET_NAME)";
				TARGETED_DEVICE_FAMILY = 1;
			};
			name = Release;
		};
		D629875D20FF0B6C00F27CA4 /* Debug */ = {
			isa = XCBuildConfiguration;
			buildSettings = {
				BUNDLE_LOADER = "$(TEST_HOST)";
				CODE_SIGN_STYLE = Automatic;
				INFOPLIST_FILE = MMMWembTests/Info.plist;
				LD_RUNPATH_SEARCH_PATHS = (
					"$(inherited)",
					"@executable_path/Frameworks",
					"@loader_path/Frameworks",
				);
				PRODUCT_BUNDLE_IDENTIFIER = com.ggeym.MMMWembTests;
				PRODUCT_NAME = "$(TARGET_NAME)";
				TARGETED_DEVICE_FAMILY = "1,2";
				TEST_HOST = "$(BUILT_PRODUCTS_DIR)/MMMWemb.app/MMMWemb";
			};
			name = Debug;
		};
		D629875E20FF0B6C00F27CA4 /* Release */ = {
			isa = XCBuildConfiguration;
			buildSettings = {
				BUNDLE_LOADER = "$(TEST_HOST)";
				CODE_SIGN_STYLE = Automatic;
				INFOPLIST_FILE = MMMWembTests/Info.plist;
				LD_RUNPATH_SEARCH_PATHS = (
					"$(inherited)",
					"@executable_path/Frameworks",
					"@loader_path/Frameworks",
				);
				PRODUCT_BUNDLE_IDENTIFIER = com.ggeym.MMMWembTests;
				PRODUCT_NAME = "$(TARGET_NAME)";
				TARGETED_DEVICE_FAMILY = "1,2";
				TEST_HOST = "$(BUILT_PRODUCTS_DIR)/MMMWemb.app/MMMWemb";
			};
			name = Release;
		};
		D629876020FF0B6C00F27CA4 /* Debug */ = {
			isa = XCBuildConfiguration;
			buildSettings = {
				CODE_SIGN_STYLE = Automatic;
				INFOPLIST_FILE = MMMWembUITests/Info.plist;
				LD_RUNPATH_SEARCH_PATHS = (
					"$(inherited)",
					"@executable_path/Frameworks",
					"@loader_path/Frameworks",
				);
				PRODUCT_BUNDLE_IDENTIFIER = com.ggeym.MMMWembUITests;
				PRODUCT_NAME = "$(TARGET_NAME)";
				TARGETED_DEVICE_FAMILY = "1,2";
				TEST_TARGET_NAME = MMMWemb;
			};
			name = Debug;
		};
		D629876120FF0B6C00F27CA4 /* Release */ = {
			isa = XCBuildConfiguration;
			buildSettings = {
				CODE_SIGN_STYLE = Automatic;
				INFOPLIST_FILE = MMMWembUITests/Info.plist;
				LD_RUNPATH_SEARCH_PATHS = (
					"$(inherited)",
					"@executable_path/Frameworks",
					"@loader_path/Frameworks",
				);
				PRODUCT_BUNDLE_IDENTIFIER = com.ggeym.MMMWembUITests;
				PRODUCT_NAME = "$(TARGET_NAME)";
				TARGETED_DEVICE_FAMILY = "1,2";
				TEST_TARGET_NAME = MMMWemb;
			};
			name = Release;
		};
/* End XCBuildConfiguration section */

/* Begin XCConfigurationList section */
		D629872820FF0B6900F27CA4 /* Build configuration list for PBXProject "MMMWemb" */ = {
			isa = XCConfigurationList;
			buildConfigurations = (
				D629875720FF0B6C00F27CA4 /* Debug */,
				D629875820FF0B6C00F27CA4 /* Release */,
			);
			defaultConfigurationIsVisible = 0;
			defaultConfigurationName = Release;
		};
		D629875920FF0B6C00F27CA4 /* Build configuration list for PBXNativeTarget "MMMWemb" */ = {
			isa = XCConfigurationList;
			buildConfigurations = (
				D629875A20FF0B6C00F27CA4 /* Debug */,
				D629875B20FF0B6C00F27CA4 /* Release */,
			);
			defaultConfigurationIsVisible = 0;
			defaultConfigurationName = Release;
		};
		D629875C20FF0B6C00F27CA4 /* Build configuration list for PBXNativeTarget "MMMWembTests" */ = {
			isa = XCConfigurationList;
			buildConfigurations = (
				D629875D20FF0B6C00F27CA4 /* Debug */,
				D629875E20FF0B6C00F27CA4 /* Release */,
			);
			defaultConfigurationIsVisible = 0;
			defaultConfigurationName = Release;
		};
		D629875F20FF0B6C00F27CA4 /* Build configuration list for PBXNativeTarget "MMMWembUITests" */ = {
			isa = XCConfigurationList;
			buildConfigurations = (
				D629876020FF0B6C00F27CA4 /* Debug */,
				D629876120FF0B6C00F27CA4 /* Release */,
			);
			defaultConfigurationIsVisible = 0;
			defaultConfigurationName = Release;
		};
/* End XCConfigurationList section */
	};
	rootObject = D629872520FF0B6900F27CA4 /* Project object */;
}
